
Microsoft Visual Studio Solution File, Format Version 12.00
# Visual Studio 2013
VisualStudioVersion = 12.0.21005.1
MinimumVisualStudioVersion = 10.0.40219.1
Project("{FAE04EC0-301F-11D3-BF4B-00C04F79EFBC}") = "Web", "AdoTranPerReq\Web.csproj", "{84070151-00AE-4F62-AF35-1C10FC929225}"
EndProject
Project("{FAE04EC0-301F-11D3-BF4B-00C04F79EFBC}") = "ContactManager", "MyComponents\ContactManager.csproj", "{1F5A156C-38F2-4EA8-9978-67E2D0D99075}"
EndProject
Project("{FAE04EC0-301F-11D3-BF4B-00C04F79EFBC}") = "Core", "Core\Core.csproj", "{C3DBE9EE-12B7-4B23-BEE6-13A51F4A424A}"
EndProject
Project("{FAE04EC0-301F-11D3-BF4B-00C04F79EFBC}") = "SOLID", "SOLID\SOLID.csproj", "{CD640911-EAB3-4CF6-BB7A-D4AFD88E0A01}"
EndProject
Project("{FAE04EC0-301F-11D3-BF4B-00C04F79EFBC}") = "Web.Tests", "Web.Tests\Web.Tests.csproj", "{5186BF99-34E5-49E0-A1CB-6862FF0AB7FA}"
EndProject
Global
	GlobalSection(SolutionConfigurationPlatforms) = preSolution
		Debug|Any CPU = Debug|Any CPU
		Release|Any CPU = Release|Any CPU
	EndGlobalSection
	GlobalSection(ProjectConfigurationPlatforms) = postSolution
		{84070151-00AE-4F62-AF35-1C10FC929225}.Debug|Any CPU.ActiveCfg = Debug|Any CPU
		{84070151-00AE-4F62-AF35-1C10FC929225}.Debug|Any CPU.Build.0 = Debug|Any CPU
		{84070151-00AE-4F62-AF35-1C10FC929225}.Release|Any CPU.ActiveCfg = Release|Any CPU
		{84070151-00AE-4F62-AF35-1C10FC929225}.Release|Any CPU.Build.0 = Release|Any CPU
		{1F5A156C-38F2-4EA8-9978-67E2D0D99075}.Debug|Any CPU.ActiveCfg = Debug|Any CPU
		{1F5A156C-38F2-4EA8-9978-67E2D0D99075}.Debug|Any CPU.Build.0 = Debug|Any CPU
		{1F5A156C-38F2-4EA8-9978-67E2D0D99075}.Release|Any CPU.ActiveCfg = Release|Any CPU
		{1F5A156C-38F2-4EA8-9978-67E2D0D99075}.Release|Any CPU.Build.0 = Release|Any CPU
		{C3DBE9EE-12B7-4B23-BEE6-13A51F4A424A}.Debug|Any CPU.ActiveCfg = Debug|Any CPU
		{C3DBE9EE-12B7-4B23-BEE6-13A51F4A424A}.Debug|Any CPU.Build.0 = Debug|Any CPU
		{C3DBE9EE-12B7-4B23-BEE6-13A51F4A424A}.Release|Any CPU.ActiveCfg = Release|Any CPU
		{C3DBE9EE-12B7-4B23-BEE6-13A51F4A424A}.Release|Any CPU.Build.0 = Release|Any CPU
		{CD640911-EAB3-4CF6-BB7A-D4AFD88E0A01}.Debug|Any CPU.ActiveCfg = Debug|Any CPU
		{CD640911-EAB3-4CF6-BB7A-D4AFD88E0A01}.Debug|Any CPU.Build.0 = Debug|Any CPU
		{CD640911-EAB3-4CF6-BB7A-D4AFD88E0A01}.Release|Any CPU.ActiveCfg = Release|Any CPU
		{CD640911-EAB3-4CF6-BB7A-D4AFD88E0A01}.Release|Any CPU.Build.0 = Release|Any CPU
		{5186BF99-34E5-49E0-A1CB-6862FF0AB7FA}.Debug|Any CPU.ActiveCfg = Debug|Any CPU
		{5186BF99-34E5-49E0-A1CB-6862FF0AB7FA}.Debug|Any CPU.Build.0 = Debug|Any CPU
		{5186BF99-34E5-49E0-A1CB-6862FF0AB7FA}.Release|Any CPU.ActiveCfg = Release|Any CPU
		{5186BF99-34E5-49E0-A1CB-6862FF0AB7FA}.Release|Any CPU.Build.0 = Release|Any CPU
	EndGlobalSection
	GlobalSection(SolutionProperties) = preSolution
		HideSolutionNode = FALSE
	EndGlobalSection
EndGlobal
